
Microsoft Visual Studio Solution File, Format Version 12.00
# Visual Studio 2015
Project("{FAE04EC0-301F-11D3-BF4B-00C04F79EFBC}") = "oceanman", "oceanman.csproj", "{4578A64E-D0EC-7056-EC95-3314B442E454}"
EndProject
Project("{FAE04EC0-301F-11D3-BF4B-00C04F79EFBC}") = "oceanman.Editor", "oceanman.Editor.csproj", "{07FFD795-AADD-C4BA-EE41-BEF85F0E734F}"
EndProject
Global
	GlobalSection(SolutionConfigurationPlatforms) = preSolution
		Debug|Any CPU = Debug|Any CPU
		Release|Any CPU = Release|Any CPU
	EndGlobalSection
	GlobalSection(ProjectConfigurationPlatforms) = postSolution
		{4578A64E-D0EC-7056-EC95-3314B442E454}.Debug|Any CPU.ActiveCfg = Debug|Any CPU
		{4578A64E-D0EC-7056-EC95-3314B442E454}.Debug|Any CPU.Build.0 = Debug|Any CPU
		{4578A64E-D0EC-7056-EC95-3314B442E454}.Release|Any CPU.ActiveCfg = Release|Any CPU
		{4578A64E-D0EC-7056-EC95-3314B442E454}.Release|Any CPU.Build.0 = Release|Any CPU
		{07FFD795-AADD-C4BA-EE41-BEF85F0E734F}.Debug|Any CPU.ActiveCfg = Debug|Any CPU
		{07FFD795-AADD-C4BA-EE41-BEF85F0E734F}.Debug|Any CPU.Build.0 = Debug|Any CPU
		{07FFD795-AADD-C4BA-EE41-BEF85F0E734F}.Release|Any CPU.ActiveCfg = Release|Any CPU
		{07FFD795-AADD-C4BA-EE41-BEF85F0E734F}.Release|Any CPU.Build.0 = Release|Any CPU
	EndGlobalSection
	GlobalSection(SolutionProperties) = preSolution
		HideSolutionNode = FALSE
	EndGlobalSection
EndGlobal
